// !$*UTF8*$!
{
	archiveVersion = 1;
	classes = {
	};
	objectVersion = 77;
	objects = {

/* Begin PBXContainerItemProxy section */
		E8A370752DFFDA9500050BA6 /* PBXContainerItemProxy */ = {
			isa = PBXContainerItemProxy;
			containerPortal = E8A3705F2DFFDA9400050BA6 /* Project object */;
			proxyType = 1;
			remoteGlobalIDString = E8A370662DFFDA9400050BA6;
			remoteInfo = HomeDeviceAutomation;
		};
		E8A3707F2DFFDA9500050BA6 /* PBXContainerItemProxy */ = {
			isa = PBXContainerItemProxy;
			containerPortal = E8A3705F2DFFDA9400050BA6 /* Project object */;
			proxyType = 1;
			remoteGlobalIDString = E8A370662DFFDA9400050BA6;
			remoteInfo = HomeDeviceAutomation;
		};
/* End PBXContainerItemProxy section */

/* Begin PBXFileReference section */
		E8A370672DFFDA9400050BA6 /* HomeDeviceAutomation.app */ = {isa = PBXFileReference; explicitFileType = wrapper.application; includeInIndex = 0; path = HomeDeviceAutomation.app; sourceTree = BUILT_PRODUCTS_DIR; };
		E8A370742DFFDA9500050BA6 /* HomeDeviceAutomationTests.xctest */ = {isa = PBXFileReference; explicitFileType = wrapper.cfbundle; includeInIndex = 0; path = HomeDeviceAutomationTests.xctest; sourceTree = BUILT_PRODUCTS_DIR; };
		E8A3707E2DFFDA9500050BA6 /* HomeDeviceAutomationUITests.xctest */ = {isa = PBXFileReference; explicitFileType = wrapper.cfbundle; includeInIndex = 0; path = HomeDeviceAutomationUITests.xctest; sourceTree = BUILT_PRODUCTS_DIR; };
/* End PBXFileReference section */

/* Begin PBXFileSystemSynchronizedRootGroup section */
		E8A370692DFFDA9400050BA6 /* HomeDeviceAutomation */ = {
			isa = PBXFileSystemSynchronizedRootGroup;
			path = HomeDeviceAutomation;
			sourceTree = "<group>";
		};
		E8A370772DFFDA9500050BA6 /* HomeDeviceAutomationTests */ = {
			isa = PBXFileSystemSynchronizedRootGroup;
			path = HomeDeviceAutomationTests;
			sourceTree = "<group>";
		};
		E8A370812DFFDA9500050BA6 /* HomeDeviceAutomationUITests */ = {
			isa = PBXFileSystemSynchronizedRootGroup;
			path = HomeDeviceAutomationUITests;
			sourceTree = "<group>";
		};
/* End PBXFileSystemSynchronizedRootGroup section */

/* Begin PBXFrameworksBuildPhase section */
		E8A370642DFFDA9400050BA6 /* Frameworks */ = {
			isa = PBXFrameworksBuildPhase;
			buildActionMask = 2147483647;
			files = (
			);
			runOnlyForDeploymentPostprocessing = 0;
		};
		E8A370712DFFDA9500050BA6 /* Frameworks */ = {
			isa = PBXFrameworksBuildPhase;
			buildActionMask = 2147483647;
			files = (
			);
			runOnlyForDeploymentPostprocessing = 0;
		};
		E8A3707B2DFFDA9500050BA6 /* Frameworks */ = {
			isa = PBXFrameworksBuildPhase;
			buildActionMask = 2147483647;
			files = (
			);
			runOnlyForDeploymentPostprocessing = 0;
		};
/* End PBXFrameworksBuildPhase section */

/* Begin PBXGroup section */
		E8A3705E2DFFDA9400050BA6 = {
			isa = PBXGroup;
			children = (
				E8A370692DFFDA9400050BA6 /* HomeDeviceAutomation */,
				E8A370772DFFDA9500050BA6 /* HomeDeviceAutomationTests */,
				E8A370812DFFDA9500050BA6 /* HomeDeviceAutomationUITests */,
				E8A370682DFFDA9400050BA6 /* Products */,
			);
			sourceTree = "<group>";
		};
		E8A370682DFFDA9400050BA6 /* Products */ = {
			isa = PBXGroup;
			children = (
				E8A370672DFFDA9400050BA6 /* HomeDeviceAutomation.app */,
				E8A370742DFFDA9500050BA6 /* HomeDeviceAutomationTests.xctest */,
				E8A3707E2DFFDA9500050BA6 /* HomeDeviceAutomationUITests.xctest */,
			);
			name = Products;
			sourceTree = "<group>";
		};
/* End PBXGroup section */

/* Begin PBXNativeTarget section */
		E8A370662DFFDA9400050BA6 /* HomeDeviceAutomation */ = {
			isa = PBXNativeTarget;
			buildConfigurationList = E8A370882DFFDA9500050BA6 /* Build configuration list for PBXNativeTarget "HomeDeviceAutomation" */;
			buildPhases = (
				E8A370632DFFDA9400050BA6 /* Sources */,
				E8A370642DFFDA9400050BA6 /* Frameworks */,
				E8A370652DFFDA9400050BA6 /* Resources */,
			);
			buildRules = (
			);
			dependencies = (
			);
			fileSystemSynchronizedGroups = (
				E8A370692DFFDA9400050BA6 /* HomeDeviceAutomation */,
			);
			name = HomeDeviceAutomation;
			packageProductDependencies = (
			);
			productName = HomeDeviceAutomation;
			productReference = E8A370672DFFDA9400050BA6 /* HomeDeviceAutomation.app */;
			productType = "com.apple.product-type.application";
		};
		E8A370732DFFDA9500050BA6 /* HomeDeviceAutomationTests */ = {
			isa = PBXNativeTarget;
			buildConfigurationList = E8A3708B2DFFDA9500050BA6 /* Build configuration list for PBXNativeTarget "HomeDeviceAutomationTests" */;
			buildPhases = (
				E8A370702DFFDA9500050BA6 /* Sources */,
				E8A370712DFFDA9500050BA6 /* Frameworks */,
				E8A370722DFFDA9500050BA6 /* Resources */,
			);
			buildRules = (
			);
			dependencies = (
				E8A370762DFFDA9500050BA6 /* PBXTargetDependency */,
			);
			fileSystemSynchronizedGroups = (
				E8A370772DFFDA9500050BA6 /* HomeDeviceAutomationTests */,
			);
			name = HomeDeviceAutomationTests;
			packageProductDependencies = (
			);
			productName = HomeDeviceAutomationTests;
			productReference = E8A370742DFFDA9500050BA6 /* HomeDeviceAutomationTests.xctest */;
			productType = "com.apple.product-type.bundle.unit-test";
		};
		E8A3707D2DFFDA9500050BA6 /* HomeDeviceAutomationUITests */ = {
			isa = PBXNativeTarget;
			buildConfigurationList = E8A3708E2DFFDA9500050BA6 /* Build configuration list for PBXNativeTarget "HomeDeviceAutomationUITests" */;
			buildPhases = (
				E8A3707A2DFFDA9500050BA6 /* Sources */,
				E8A3707B2DFFDA9500050BA6 /* Frameworks */,
				E8A3707C2DFFDA9500050BA6 /* Resources */,
			);
			buildRules = (
			);
			dependencies = (
				E8A370802DFFDA9500050BA6 /* PBXTargetDependency */,
			);
			fileSystemSynchronizedGroups = (
				E8A370812DFFDA9500050BA6 /* HomeDeviceAutomationUITests */,
			);
			name = HomeDeviceAutomationUITests;
			packageProductDependencies = (
			);
			productName = HomeDeviceAutomationUITests;
			productReference = E8A3707E2DFFDA9500050BA6 /* HomeDeviceAutomationUITests.xctest */;
			productType = "com.apple.product-type.bundle.ui-testing";
		};
/* End PBXNativeTarget section */

/* Begin PBXProject section */
		E8A3705F2DFFDA9400050BA6 /* Project object */ = {
			isa = PBXProject;
			attributes = {
				BuildIndependentTargetsInParallel = 1;
				LastSwiftUpdateCheck = 1630;
				LastUpgradeCheck = 1630;
				TargetAttributes = {
					E8A370662DFFDA9400050BA6 = {
						CreatedOnToolsVersion = 16.3;
					};
					E8A370732DFFDA9500050BA6 = {
						CreatedOnToolsVersion = 16.3;
						TestTargetID = E8A370662DFFDA9400050BA6;
					};
					E8A3707D2DFFDA9500050BA6 = {
						CreatedOnToolsVersion = 16.3;
						TestTargetID = E8A370662DFFDA9400050BA6;
					};
				};
			};
			buildConfigurationList = E8A370622DFFDA9400050BA6 /* Build configuration list for PBXProject "HomeDeviceAutomation" */;
			developmentRegion = en;
			hasScannedForEncodings = 0;
			knownRegions = (
				en,
				Base,
			);
			mainGroup = E8A3705E2DFFDA9400050BA6;
			minimizedProjectReferenceProxies = 1;
			preferredProjectObjectVersion = 77;
			productRefGroup = E8A370682DFFDA9400050BA6 /* Products */;
			projectDirPath = "";
			projectRoot = "";
			targets = (
				E8A370662DFFDA9400050BA6 /* HomeDeviceAutomation */,
				E8A370732DFFDA9500050BA6 /* HomeDeviceAutomationTests */,
				E8A3707D2DFFDA9500050BA6 /* HomeDeviceAutomationUITests */,
			);
		};
/* End PBXProject section */

/* Begin PBXResourcesBuildPhase section */
		E8A370652DFFDA9400050BA6 /* Resources */ = {
			isa = PBXResourcesBuildPhase;
			buildActionMask = 2147483647;
			files = (
			);
			runOnlyForDeploymentPostprocessing = 0;
		};
		E8A370722DFFDA9500050BA6 /* Resources */ = {
			isa = PBXResourcesBuildPhase;
			buildActionMask = 2147483647;
			files = (
			);
			runOnlyForDeploymentPostprocessing = 0;
		};
		E8A3707C2DFFDA9500050BA6 /* Resources */ = {
			isa = PBXResourcesBuildPhase;
			buildActionMask = 2147483647;
			files = (
			);
			runOnlyForDeploymentPostprocessing = 0;
		};
/* End PBXResourcesBuildPhase section */

/* Begin PBXSourcesBuildPhase section */
		E8A370632DFFDA9400050BA6 /* Sources */ = {
			isa = PBXSourcesBuildPhase;
			buildActionMask = 2147483647;
			files = (
			);
			runOnlyForDeploymentPostprocessing = 0;
		};
		E8A370702DFFDA9500050BA6 /* Sources */ = {
			isa = PBXSourcesBuildPhase;
			buildActionMask = 2147483647;
			files = (
			);
			runOnlyForDeploymentPostprocessing = 0;
		};
		E8A3707A2DFFDA9500050BA6 /* Sources */ = {
			isa = PBXSourcesBuildPhase;
			buildActionMask = 2147483647;
			files = (
			);
			runOnlyForDeploymentPostprocessing = 0;
		};
/* End PBXSourcesBuildPhase section */

/* Begin PBXTargetDependency section */
		E8A370762DFFDA9500050BA6 /* PBXTargetDependency */ = {
			isa = PBXTargetDependency;
			target = E8A370662DFFDA9400050BA6 /* HomeDeviceAutomation */;
			targetProxy = E8A370752DFFDA9500050BA6 /* PBXContainerItemProxy */;
		};
		E8A370802DFFDA9500050BA6 /* PBXTargetDependency */ = {
			isa = PBXTargetDependency;
			target = E8A370662DFFDA9400050BA6 /* HomeDeviceAutomation */;
			targetProxy = E8A3707F2DFFDA9500050BA6 /* PBXContainerItemProxy */;
		};
/* End PBXTargetDependency section */

/* Begin XCBuildConfiguration section */
		E8A370862DFFDA9500050BA6 /* Debug */ = {
			isa = XCBuildConfiguration;
			buildSettings = {
				ALWAYS_SEARCH_USER_PATHS = NO;
				ASSETCATALOG_COMPILER_GENERATE_SWIFT_ASSET_SYMBOL_EXTENSIONS = YES;
				CLANG_ANALYZER_NONNULL = YES;
				CLANG_ANALYZER_NUMBER_OBJECT_CONVERSION = YES_AGGRESSIVE;
				CLANG_CXX_LANGUAGE_STANDARD = "gnu++20";
				CLANG_ENABLE_MODULES = YES;
				CLANG_ENABLE_OBJC_ARC = YES;
				CLANG_ENABLE_OBJC_WEAK = YES;
				CLANG_WARN_BLOCK_CAPTURE_AUTORELEASING = YES;
				CLANG_WARN_BOOL_CONVERSION = YES;
				CLANG_WARN_COMMA = YES;
				CLANG_WARN_CONSTANT_CONVERSION = YES;
				CLANG_WARN_DEPRECATED_OBJC_IMPLEMENTATIONS = YES;
				CLANG_WARN_DIRECT_OBJC_ISA_USAGE = YES_ERROR;
				CLANG_WARN_DOCUMENTATION_COMMENTS = YES;
				CLANG_WARN_EMPTY_BODY = YES;
				CLANG_WARN_ENUM_CONVERSION = YES;
				CLANG_WARN_INFINITE_RECURSION = YES;
				CLANG_WARN_INT_CONVERSION = YES;
				CLANG_WARN_NON_LITERAL_NULL_CONVERSION = YES;
				CLANG_WARN_OBJC_IMPLICIT_RETAIN_SELF = YES;
				CLANG_WARN_OBJC_LITERAL_CONVERSION = YES;
				CLANG_WARN_OBJC_ROOT_CLASS = YES_ERROR;
				CLANG_WARN_QUOTED_INCLUDE_IN_FRAMEWORK_HEADER = YES;
				CLANG_WARN_RANGE_LOOP_ANALYSIS = YES;
				CLANG_WARN_STRICT_PROTOTYPES = YES;
				CLANG_WARN_SUSPICIOUS_MOVE = YES;
				CLANG_WARN_UNGUARDED_AVAILABILITY = YES_AGGRESSIVE;
				CLANG_WARN_UNREACHABLE_CODE = YES;
				CLANG_WARN__DUPLICATE_METHOD_MATCH = YES;
				COPY_PHASE_STRIP = NO;
				DEBUG_INFORMATION_FORMAT = dwarf;
				DEVELOPMENT_TEAM = 8F27BKD457;
				ENABLE_STRICT_OBJC_MSGSEND = YES;
				ENABLE_TESTABILITY = YES;
				ENABLE_USER_SCRIPT_SANDBOXING = YES;
				GCC_C_LANGUAGE_STANDARD = gnu17;
				GCC_DYNAMIC_NO_PIC = NO;
				GCC_NO_COMMON_BLOCKS = YES;
				GCC_OPTIMIZATION_LEVEL = 0;
				GCC_PREPROCESSOR_DEFINITIONS = (
					"DEBUG=1",
					"$(inherited)",
				);
				GCC_WARN_64_TO_32_BIT_CONVERSION = YES;
				GCC_WARN_ABOUT_RETURN_TYPE = YES_ERROR;
				GCC_WARN_UNDECLARED_SELECTOR = YES;
				GCC_WARN_UNINITIALIZED_AUTOS = YES_AGGRESSIVE;
				GCC_WARN_UNUSED_FUNCTION = YES;
				GCC_WARN_UNUSED_VARIABLE = YES;
				IPHONEOS_DEPLOYMENT_TARGET = 18.4;
				LOCALIZATION_PREFERS_STRING_CATALOGS = YES;
				MTL_ENABLE_DEBUG_INFO = INCLUDE_SOURCE;
				MTL_FAST_MATH = YES;
				ONLY_ACTIVE_ARCH = YES;
				SDKROOT = iphoneos;
				SWIFT_ACTIVE_COMPILATION_CONDITIONS = "DEBUG $(inherited)";
				SWIFT_OPTIMIZATION_LEVEL = "-Onone";
			};
			name = Debug;
		};
		E8A370872DFFDA9500050BA6 /* Release */ = {
			isa = XCBuildConfiguration;
			buildSettings = {
				ALWAYS_SEARCH_USER_PATHS = NO;
				ASSETCATALOG_COMPILER_GENERATE_SWIFT_ASSET_SYMBOL_EXTENSIONS = YES;
				CLANG_ANALYZER_NONNULL = YES;
				CLANG_ANALYZER_NUMBER_OBJECT_CONVERSION = YES_AGGRESSIVE;
				CLANG_CXX_LANGUAGE_STANDARD = "gnu++20";
				CLANG_ENABLE_MODULES = YES;
				CLANG_ENABLE_OBJC_ARC = YES;
				CLANG_ENABLE_OBJC_WEAK = YES;
				CLANG_WARN_BLOCK_CAPTURE_AUTORELEASING = YES;
				CLANG_WARN_BOOL_CONVERSION = YES;
				CLANG_WARN_COMMA = YES;
				CLANG_WARN_CONSTANT_CONVERSION = YES;
				CLANG_WARN_DEPRECATED_OBJC_IMPLEMENTATIONS = YES;
				CLANG_WARN_DIRECT_OBJC_ISA_USAGE = YES_ERROR;
				CLANG_WARN_DOCUMENTATION_COMMENTS = YES;
				CLANG_WARN_EMPTY_BODY = YES;
				CLANG_WARN_ENUM_CONVERSION = YES;
				CLANG_WARN_INFINITE_RECURSION = YES;
				CLANG_WARN_INT_CONVERSION = YES;
				CLANG_WARN_NON_LITERAL_NULL_CONVERSION = YES;
				CLANG_WARN_OBJC_IMPLICIT_RETAIN_SELF = YES;
				CLANG_WARN_OBJC_LITERAL_CONVERSION = YES;
				CLANG_WARN_OBJC_ROOT_CLASS = YES_ERROR;
				CLANG_WARN_QUOTED_INCLUDE_IN_FRAMEWORK_HEADER = YES;
				CLANG_WARN_RANGE_LOOP_ANALYSIS = YES;
				CLANG_WARN_STRICT_PROTOTYPES = YES;
				CLANG_WARN_SUSPICIOUS_MOVE = YES;
				CLANG_WARN_UNGUARDED_AVAILABILITY = YES_AGGRESSIVE;
				CLANG_WARN_UNREACHABLE_CODE = YES;
				CLANG_WARN__DUPLICATE_METHOD_MATCH = YES;
				COPY_PHASE_STRIP = NO;
				DEBUG_INFORMATION_FORMAT = "dwarf-with-dsym";
				DEVELOPMENT_TEAM = 8F27BKD457;
				ENABLE_NS_ASSERTIONS = NO;
				ENABLE_STRICT_OBJC_MSGSEND = YES;
				ENABLE_USER_SCRIPT_SANDBOXING = YES;
				GCC_C_LANGUAGE_STANDARD = gnu17;
				GCC_NO_COMMON_BLOCKS = YES;
				GCC_WARN_64_TO_32_BIT_CONVERSION = YES;
				GCC_WARN_ABOUT_RETURN_TYPE = YES_ERROR;
				GCC_WARN_UNDECLARED_SELECTOR = YES;
				GCC_WARN_UNINITIALIZED_AUTOS = YES_AGGRESSIVE;
				GCC_WARN_UNUSED_FUNCTION = YES;
				GCC_WARN_UNUSED_VARIABLE = YES;
				IPHONEOS_DEPLOYMENT_TARGET = 18.4;
				LOCALIZATION_PREFERS_STRING_CATALOGS = YES;
				MTL_ENABLE_DEBUG_INFO = NO;
				MTL_FAST_MATH = YES;
				SDKROOT = iphoneos;
				SWIFT_COMPILATION_MODE = wholemodule;
				VALIDATE_PRODUCT = YES;
			};
			name = Release;
		};
		E8A370892DFFDA9500050BA6 /* Debug */ = {
			isa = XCBuildConfiguration;
			buildSettings = {
				ASSETCATALOG_COMPILER_APPICON_NAME = AppIcon;
				ASSETCATALOG_COMPILER_GLOBAL_ACCENT_COLOR_NAME = AccentColor;
				CODE_SIGN_STYLE = Automatic;
				CURRENT_PROJECT_VERSION = 1;
				DEVELOPMENT_TEAM = 8F27BKD457;
				ENABLE_PREVIEWS = YES;
				GENERATE_INFOPLIST_FILE = YES;
				INFOPLIST_KEY_UIApplicationSceneManifest_Generation = YES;
				INFOPLIST_KEY_UIApplicationSupportsIndirectInputEvents = YES;
				INFOPLIST_KEY_UILaunchScreen_Generation = YES;
				INFOPLIST_KEY_UISupportedInterfaceOrientations_iPad = "UIInterfaceOrientationPortrait UIInterfaceOrientationPortraitUpsideDown UIInterfaceOrientationLandscapeLeft UIInterfaceOrientationLandscapeRight";
				INFOPLIST_KEY_UISupportedInterfaceOrientations_iPhone = "UIInterfaceOrientationPortrait UIInterfaceOrientationLandscapeLeft UIInterfaceOrientationLandscapeRight";
				LD_RUNPATH_SEARCH_PATHS = (
					"$(inherited)",
					"@executable_path/Frameworks",
				);
				MARKETING_VERSION = 1.0;
				PRODUCT_BUNDLE_IDENTIFIER = wardatul.HomeDeviceAutomation;
				PRODUCT_NAME = "$(TARGET_NAME)";
				SWIFT_EMIT_LOC_STRINGS = YES;
				SWIFT_VERSION = 5.0;
				TARGETED_DEVICE_FAMILY = "1,2";
			};
			name = Debug;
		};
		E8A3708A2DFFDA9500050BA6 /* Release */ = {
			isa = XCBuildConfiguration;
			buildSettings = {
				ASSETCATALOG_COMPILER_APPICON_NAME = AppIcon;
				ASSETCATALOG_COMPILER_GLOBAL_ACCENT_COLOR_NAME = AccentColor;
				CODE_SIGN_STYLE = Automatic;
				CURRENT_PROJECT_VERSION = 1;
				DEVELOPMENT_TEAM = 8F27BKD457;
				ENABLE_PREVIEWS = YES;
				GENERATE_INFOPLIST_FILE = YES;
				INFOPLIST_KEY_UIApplicationSceneManifest_Generation = YES;
				INFOPLIST_KEY_UIApplicationSupportsIndirectInputEvents = YES;
				INFOPLIST_KEY_UILaunchScreen_Generation = YES;
				INFOPLIST_KEY_UISupportedInterfaceOrientations_iPad = "UIInterfaceOrientationPortrait UIInterfaceOrientationPortraitUpsideDown UIInterfaceOrientationLandscapeLeft UIInterfaceOrientationLandscapeRight";
				INFOPLIST_KEY_UISupportedInterfaceOrientations_iPhone = "UIInterfaceOrientationPortrait UIInterfaceOrientationLandscapeLeft UIInterfaceOrientationLandscapeRight";
				LD_RUNPATH_SEARCH_PATHS = (
					"$(inherited)",
					"@executable_path/Frameworks",
				);
				MARKETING_VERSION = 1.0;
				PRODUCT_BUNDLE_IDENTIFIER = wardatul.HomeDeviceAutomation;
				PRODUCT_NAME = "$(TARGET_NAME)";
				SWIFT_EMIT_LOC_STRINGS = YES;
				SWIFT_VERSION = 5.0;
				TARGETED_DEVICE_FAMILY = "1,2";
			};
			name = Release;
		};
		E8A3708C2DFFDA9500050BA6 /* Debug */ = {
			isa = XCBuildConfiguration;
			buildSettings = {
				BUNDLE_LOADER = "$(TEST_HOST)";
				CODE_SIGN_STYLE = Automatic;
				CURRENT_PROJECT_VERSION = 1;
				DEVELOPMENT_TEAM = 8F27BKD457;
				GENERATE_INFOPLIST_FILE = YES;
				IPHONEOS_DEPLOYMENT_TARGET = 18.4;
				MARKETING_VERSION = 1.0;
				PRODUCT_BUNDLE_IDENTIFIER = wardatul.HomeDeviceAutomationTests;
				PRODUCT_NAME = "$(TARGET_NAME)";
				SWIFT_EMIT_LOC_STRINGS = NO;
				SWIFT_VERSION = 5.0;
				TARGETED_DEVICE_FAMILY = "1,2";
				TEST_HOST = "$(BUILT_PRODUCTS_DIR)/HomeDeviceAutomation.app/$(BUNDLE_EXECUTABLE_FOLDER_PATH)/HomeDeviceAutomation";
			};
			name = Debug;
		};
		E8A3708D2DFFDA9500050BA6 /* Release */ = {
			isa = XCBuildConfiguration;
			buildSettings = {
				BUNDLE_LOADER = "$(TEST_HOST)";
				CODE_SIGN_STYLE = Automatic;
				CURRENT_PROJECT_VERSION = 1;
				DEVELOPMENT_TEAM = 8F27BKD457;
				GENERATE_INFOPLIST_FILE = YES;
				IPHONEOS_DEPLOYMENT_TARGET = 18.4;
				MARKETING_VERSION = 1.0;
				PRODUCT_BUNDLE_IDENTIFIER = wardatul.HomeDeviceAutomationTests;
				PRODUCT_NAME = "$(TARGET_NAME)";
				SWIFT_EMIT_LOC_STRINGS = NO;
				SWIFT_VERSION = 5.0;
				TARGETED_DEVICE_FAMILY = "1,2";
				TEST_HOST = "$(BUILT_PRODUCTS_DIR)/HomeDeviceAutomation.app/$(BUNDLE_EXECUTABLE_FOLDER_PATH)/HomeDeviceAutomation";
			};
			name = Release;
		};
		E8A3708F2DFFDA9500050BA6 /* Debug */ = {
			isa = XCBuildConfiguration;
			buildSettings = {
				CODE_SIGN_STYLE = Automatic;
				CURRENT_PROJECT_VERSION = 1;
				DEVELOPMENT_TEAM = 8F27BKD457;
				GENERATE_INFOPLIST_FILE = YES;
				MARKETING_VERSION = 1.0;
				PRODUCT_BUNDLE_IDENTIFIER = wardatul.HomeDeviceAutomationUITests;
				PRODUCT_NAME = "$(TARGET_NAME)";
				SWIFT_EMIT_LOC_STRINGS = NO;
				SWIFT_VERSION = 5.0;
				TARGETED_DEVICE_FAMILY = "1,2";
				TEST_TARGET_NAME = HomeDeviceAutomation;
			};
			name = Debug;
		};
		E8A370902DFFDA9500050BA6 /* Release */ = {
			isa = XCBuildConfiguration;
			buildSettings = {
				CODE_SIGN_STYLE = Automatic;
				CURRENT_PROJECT_VERSION = 1;
				DEVELOPMENT_TEAM = 8F27BKD457;
				GENERATE_INFOPLIST_FILE = YES;
				MARKETING_VERSION = 1.0;
				PRODUCT_BUNDLE_IDENTIFIER = wardatul.HomeDeviceAutomationUITests;
				PRODUCT_NAME = "$(TARGET_NAME)";
				SWIFT_EMIT_LOC_STRINGS = NO;
				SWIFT_VERSION = 5.0;
				TARGETED_DEVICE_FAMILY = "1,2";
				TEST_TARGET_NAME = HomeDeviceAutomation;
			};
			name = Release;
		};
/* End XCBuildConfiguration section */

/* Begin XCConfigurationList section */
		E8A370622DFFDA9400050BA6 /* Build configuration list for PBXProject "HomeDeviceAutomation" */ = {
			isa = XCConfigurationList;
			buildConfigurations = (
				E8A370862DFFDA9500050BA6 /* Debug */,
				E8A370872DFFDA9500050BA6 /* Release */,
			);
			defaultConfigurationIsVisible = 0;
			defaultConfigurationName = Release;
		};
		E8A370882DFFDA9500050BA6 /* Build configuration list for PBXNativeTarget "HomeDeviceAutomation" */ = {
			isa = XCConfigurationList;
			buildConfigurations = (
				E8A370892DFFDA9500050BA6 /* Debug */,
				E8A3708A2DFFDA9500050BA6 /* Release */,
			);
			defaultConfigurationIsVisible = 0;
			defaultConfigurationName = Release;
		};
		E8A3708B2DFFDA9500050BA6 /* Build configuration list for PBXNativeTarget "HomeDeviceAutomationTests" */ = {
			isa = XCConfigurationList;
			buildConfigurations = (
				E8A3708C2DFFDA9500050BA6 /* Debug */,
				E8A3708D2DFFDA9500050BA6 /* Release */,
			);
			defaultConfigurationIsVisible = 0;
			defaultConfigurationName = Release;
		};
		E8A3708E2DFFDA9500050BA6 /* Build configuration list for PBXNativeTarget "HomeDeviceAutomationUITests" */ = {
			isa = XCConfigurationList;
			buildConfigurations = (
				E8A3708F2DFFDA9500050BA6 /* Debug */,
				E8A370902DFFDA9500050BA6 /* Release */,
			);
			defaultConfigurationIsVisible = 0;
			defaultConfigurationName = Release;
		};
/* End XCConfigurationList section */
	};
	rootObject = E8A3705F2DFFDA9400050BA6 /* Project object */;
}
